
Microsoft Visual Studio Solution File, Format Version 12.00
# Visual Studio Version 16
VisualStudioVersion = 16.0.31624.102
MinimumVisualStudioVersion = 10.0.40219.1
Project("{FAE04EC0-301F-11D3-BF4B-00C04F79EFBC}") = "simple-8", "simple-8.csproj", "{8D771575-9DE8-47B2-992F-822C62C182E4}"
EndProject
Global
	GlobalSection(SolutionConfigurationPlatforms) = preSolution
		Debug|Any CPU = Debug|Any CPU
		Release|Any CPU = Release|Any CPU
	EndGlobalSection
	GlobalSection(ProjectConfigurationPlatforms) = postSolution
		{8D771575-9DE8-47B2-992F-822C62C182E4}.Debug|Any CPU.ActiveCfg = Debug|Any CPU
		{8D771575-9DE8-47B2-992F-822C62C182E4}.Debug|Any CPU.Build.0 = Debug|Any CPU
		{8D771575-9DE8-47B2-992F-822C62C182E4}.Release|Any CPU.ActiveCfg = Release|Any CPU
		{8D771575-9DE8-47B2-992F-822C62C182E4}.Release|Any CPU.Build.0 = Release|Any CPU
	EndGlobalSection
	GlobalSection(SolutionProperties) = preSolution
		HideSolutionNode = FALSE
	EndGlobalSection
	GlobalSection(ExtensibilityGlobals) = postSolution
		SolutionGuid = {E451F5FC-188E-4352-B6B8-F53611741DD1}
	EndGlobalSection
EndGlobal
